
Microsoft Visual Studio Solution File, Format Version 12.00
# Visual Studio Version 17
VisualStudioVersion = 17.10.34928.147
MinimumVisualStudioVersion = 10.0.40219.1
Project("{9A19103F-16F7-4668-BE54-9A1E7A4F7556}") = "LinkedList", "LinkedList\LinkedList.csproj", "{36BDF406-52C1-4462-9A50-4EA73344B239}"
EndProject
Project("{9A19103F-16F7-4668-BE54-9A1E7A4F7556}") = "linkedListTest", "linkedListTest\linkedListTest.csproj", "{8B23C8C3-3840-44C9-BE93-663BA4B9600C}"
EndProject
Project("{9A19103F-16F7-4668-BE54-9A1E7A4F7556}") = "RemoveDuplicateTest", "RemoveDuplicateTest\RemoveDuplicateTest.csproj", "{6FE7D6F8-2C71-4310-8F49-9E7C92E6D343}"
EndProject
Project("{9A19103F-16F7-4668-BE54-9A1E7A4F7556}") = "MergeSortedTest", "MergeSortedTest\MergeSortedTest.csproj", "{7857D9D2-F0D2-4C69-9991-9B4910B5F08C}"
EndProject
Project("{FAE04EC0-301F-11D3-BF4B-00C04F79EFBC}") = "RotateLeftTest", "RotateLeftTest\RotateLeftTest.csproj", "{AC62AAE7-3A01-4127-99F2-DBCF64F52ABD}"
EndProject
Global
	GlobalSection(SolutionConfigurationPlatforms) = preSolution
		Debug|Any CPU = Debug|Any CPU
		Release|Any CPU = Release|Any CPU
	EndGlobalSection
	GlobalSection(ProjectConfigurationPlatforms) = postSolution
		{36BDF406-52C1-4462-9A50-4EA73344B239}.Debug|Any CPU.ActiveCfg = Debug|Any CPU
		{36BDF406-52C1-4462-9A50-4EA73344B239}.Debug|Any CPU.Build.0 = Debug|Any CPU
		{36BDF406-52C1-4462-9A50-4EA73344B239}.Release|Any CPU.ActiveCfg = Release|Any CPU
		{36BDF406-52C1-4462-9A50-4EA73344B239}.Release|Any CPU.Build.0 = Release|Any CPU
		{8B23C8C3-3840-44C9-BE93-663BA4B9600C}.Debug|Any CPU.ActiveCfg = Debug|Any CPU
		{8B23C8C3-3840-44C9-BE93-663BA4B9600C}.Debug|Any CPU.Build.0 = Debug|Any CPU
		{8B23C8C3-3840-44C9-BE93-663BA4B9600C}.Release|Any CPU.ActiveCfg = Release|Any CPU
		{8B23C8C3-3840-44C9-BE93-663BA4B9600C}.Release|Any CPU.Build.0 = Release|Any CPU
		{6FE7D6F8-2C71-4310-8F49-9E7C92E6D343}.Debug|Any CPU.ActiveCfg = Debug|Any CPU
		{6FE7D6F8-2C71-4310-8F49-9E7C92E6D343}.Debug|Any CPU.Build.0 = Debug|Any CPU
		{6FE7D6F8-2C71-4310-8F49-9E7C92E6D343}.Release|Any CPU.ActiveCfg = Release|Any CPU
		{6FE7D6F8-2C71-4310-8F49-9E7C92E6D343}.Release|Any CPU.Build.0 = Release|Any CPU
		{7857D9D2-F0D2-4C69-9991-9B4910B5F08C}.Debug|Any CPU.ActiveCfg = Debug|Any CPU
		{7857D9D2-F0D2-4C69-9991-9B4910B5F08C}.Debug|Any CPU.Build.0 = Debug|Any CPU
		{7857D9D2-F0D2-4C69-9991-9B4910B5F08C}.Release|Any CPU.ActiveCfg = Release|Any CPU
		{7857D9D2-F0D2-4C69-9991-9B4910B5F08C}.Release|Any CPU.Build.0 = Release|Any CPU
		{AC62AAE7-3A01-4127-99F2-DBCF64F52ABD}.Debug|Any CPU.ActiveCfg = Debug|Any CPU
		{AC62AAE7-3A01-4127-99F2-DBCF64F52ABD}.Debug|Any CPU.Build.0 = Debug|Any CPU
		{AC62AAE7-3A01-4127-99F2-DBCF64F52ABD}.Release|Any CPU.ActiveCfg = Release|Any CPU
		{AC62AAE7-3A01-4127-99F2-DBCF64F52ABD}.Release|Any CPU.Build.0 = Release|Any CPU
	EndGlobalSection
	GlobalSection(SolutionProperties) = preSolution
		HideSolutionNode = FALSE
	EndGlobalSection
	GlobalSection(ExtensibilityGlobals) = postSolution
		SolutionGuid = {47664521-FDE5-4A22-A464-250503FC81A2}
	EndGlobalSection
EndGlobal
