
Microsoft Visual Studio Solution File, Format Version 12.00
# Visual Studio Version 17
VisualStudioVersion = 17.10.34928.147
MinimumVisualStudioVersion = 10.0.40219.1
Project("{FAE04EC0-301F-11D3-BF4B-00C04F79EFBC}") = "Stack&Queue", "Stack&Queue\Stack&Queue.csproj", "{2E610C1A-D638-451E-8B52-C4F608569CAF}"
EndProject
Project("{FAE04EC0-301F-11D3-BF4B-00C04F79EFBC}") = "Stack&QueueTest", "Stack&QueueTest\Stack&QueueTest.csproj", "{05CDD530-9EE2-4605-983D-8C61CFEDAB4B}"
EndProject
Global
	GlobalSection(SolutionConfigurationPlatforms) = preSolution
		Debug|Any CPU = Debug|Any CPU
		Release|Any CPU = Release|Any CPU
	EndGlobalSection
	GlobalSection(ProjectConfigurationPlatforms) = postSolution
		{2E610C1A-D638-451E-8B52-C4F608569CAF}.Debug|Any CPU.ActiveCfg = Debug|Any CPU
		{2E610C1A-D638-451E-8B52-C4F608569CAF}.Debug|Any CPU.Build.0 = Debug|Any CPU
		{2E610C1A-D638-451E-8B52-C4F608569CAF}.Release|Any CPU.ActiveCfg = Release|Any CPU
		{2E610C1A-D638-451E-8B52-C4F608569CAF}.Release|Any CPU.Build.0 = Release|Any CPU
		{05CDD530-9EE2-4605-983D-8C61CFEDAB4B}.Debug|Any CPU.ActiveCfg = Debug|Any CPU
		{05CDD530-9EE2-4605-983D-8C61CFEDAB4B}.Debug|Any CPU.Build.0 = Debug|Any CPU
		{05CDD530-9EE2-4605-983D-8C61CFEDAB4B}.Release|Any CPU.ActiveCfg = Release|Any CPU
		{05CDD530-9EE2-4605-983D-8C61CFEDAB4B}.Release|Any CPU.Build.0 = Release|Any CPU
	EndGlobalSection
	GlobalSection(SolutionProperties) = preSolution
		HideSolutionNode = FALSE
	EndGlobalSection
	GlobalSection(ExtensibilityGlobals) = postSolution
		SolutionGuid = {915A356F-00B8-42B4-B0E8-2263ED3ACDB3}
	EndGlobalSection
EndGlobal
