
Microsoft Visual Studio Solution File, Format Version 12.00
# Visual Studio Version 17
VisualStudioVersion = 17.10.34928.147
MinimumVisualStudioVersion = 10.0.40219.1
Project("{FAE04EC0-301F-11D3-BF4B-00C04F79EFBC}") = "challenges-and-data-structures", "challenges-and-data-structures.csproj", "{CFB0C08B-E616-45C0-9242-E041561FBFAE}"
EndProject
Global
	GlobalSection(SolutionConfigurationPlatforms) = preSolution
		Debug|Any CPU = Debug|Any CPU
		Release|Any CPU = Release|Any CPU
	EndGlobalSection
	GlobalSection(ProjectConfigurationPlatforms) = postSolution
		{CFB0C08B-E616-45C0-9242-E041561FBFAE}.Debug|Any CPU.ActiveCfg = Debug|Any CPU
		{CFB0C08B-E616-45C0-9242-E041561FBFAE}.Debug|Any CPU.Build.0 = Debug|Any CPU
		{CFB0C08B-E616-45C0-9242-E041561FBFAE}.Release|Any CPU.ActiveCfg = Release|Any CPU
		{CFB0C08B-E616-45C0-9242-E041561FBFAE}.Release|Any CPU.Build.0 = Release|Any CPU
	EndGlobalSection
	GlobalSection(SolutionProperties) = preSolution
		HideSolutionNode = FALSE
	EndGlobalSection
	GlobalSection(ExtensibilityGlobals) = postSolution
		SolutionGuid = {B99E6EA4-1FF0-4EAB-B6C8-27C3FACB7E22}
	EndGlobalSection
EndGlobal
