
Microsoft Visual Studio Solution File, Format Version 12.00
# Visual Studio Version 17
VisualStudioVersion = 17.10.34928.147
MinimumVisualStudioVersion = 10.0.40219.1
Project("{9A19103F-16F7-4668-BE54-9A1E7A4F7556}") = "ReverseWords", "ConsoleApp1\ReverseWords.csproj", "{33AFBCA6-EEE8-4BF5-93A9-6254AAAA25A3}"
EndProject
Project("{FAE04EC0-301F-11D3-BF4B-00C04F79EFBC}") = "ReverseWordsTest", "ReverseWordsTest\ReverseWordsTest.csproj", "{75CF8768-1A40-4E80-9181-B3932AF86457}"
EndProject
Global
	GlobalSection(SolutionConfigurationPlatforms) = preSolution
		Debug|Any CPU = Debug|Any CPU
		Release|Any CPU = Release|Any CPU
	EndGlobalSection
	GlobalSection(ProjectConfigurationPlatforms) = postSolution
		{33AFBCA6-EEE8-4BF5-93A9-6254AAAA25A3}.Debug|Any CPU.ActiveCfg = Debug|Any CPU
		{33AFBCA6-EEE8-4BF5-93A9-6254AAAA25A3}.Debug|Any CPU.Build.0 = Debug|Any CPU
		{33AFBCA6-EEE8-4BF5-93A9-6254AAAA25A3}.Release|Any CPU.ActiveCfg = Release|Any CPU
		{33AFBCA6-EEE8-4BF5-93A9-6254AAAA25A3}.Release|Any CPU.Build.0 = Release|Any CPU
		{75CF8768-1A40-4E80-9181-B3932AF86457}.Debug|Any CPU.ActiveCfg = Debug|Any CPU
		{75CF8768-1A40-4E80-9181-B3932AF86457}.Debug|Any CPU.Build.0 = Debug|Any CPU
		{75CF8768-1A40-4E80-9181-B3932AF86457}.Release|Any CPU.ActiveCfg = Release|Any CPU
		{75CF8768-1A40-4E80-9181-B3932AF86457}.Release|Any CPU.Build.0 = Release|Any CPU
	EndGlobalSection
	GlobalSection(SolutionProperties) = preSolution
		HideSolutionNode = FALSE
	EndGlobalSection
	GlobalSection(ExtensibilityGlobals) = postSolution
		SolutionGuid = {B0260539-B0D9-4C64-A713-35017C4899ED}
	EndGlobalSection
EndGlobal
