
Microsoft Visual Studio Solution File, Format Version 12.00
# Visual Studio Version 17
VisualStudioVersion = 17.10.34928.147
MinimumVisualStudioVersion = 10.0.40219.1
Project("{FAE04EC0-301F-11D3-BF4B-00C04F79EFBC}") = "Common-Elements", "Common-Elements\Common-Elements.csproj", "{90B31E25-8B2C-40C9-A043-184867ED3975}"
EndProject
Project("{FAE04EC0-301F-11D3-BF4B-00C04F79EFBC}") = "CommonElementsTest", "CommonElementsTest\CommonElementsTest.csproj", "{139DADB3-43A9-44F7-95F3-9BC3EDBAD3A7}"
EndProject
Global
	GlobalSection(SolutionConfigurationPlatforms) = preSolution
		Debug|Any CPU = Debug|Any CPU
		Release|Any CPU = Release|Any CPU
	EndGlobalSection
	GlobalSection(ProjectConfigurationPlatforms) = postSolution
		{90B31E25-8B2C-40C9-A043-184867ED3975}.Debug|Any CPU.ActiveCfg = Debug|Any CPU
		{90B31E25-8B2C-40C9-A043-184867ED3975}.Debug|Any CPU.Build.0 = Debug|Any CPU
		{90B31E25-8B2C-40C9-A043-184867ED3975}.Release|Any CPU.ActiveCfg = Release|Any CPU
		{90B31E25-8B2C-40C9-A043-184867ED3975}.Release|Any CPU.Build.0 = Release|Any CPU
		{139DADB3-43A9-44F7-95F3-9BC3EDBAD3A7}.Debug|Any CPU.ActiveCfg = Debug|Any CPU
		{139DADB3-43A9-44F7-95F3-9BC3EDBAD3A7}.Debug|Any CPU.Build.0 = Debug|Any CPU
		{139DADB3-43A9-44F7-95F3-9BC3EDBAD3A7}.Release|Any CPU.ActiveCfg = Release|Any CPU
		{139DADB3-43A9-44F7-95F3-9BC3EDBAD3A7}.Release|Any CPU.Build.0 = Release|Any CPU
	EndGlobalSection
	GlobalSection(SolutionProperties) = preSolution
		HideSolutionNode = FALSE
	EndGlobalSection
	GlobalSection(ExtensibilityGlobals) = postSolution
		SolutionGuid = {9A4F2F6B-6C0C-422A-85CA-266EF6372A28}
	EndGlobalSection
EndGlobal
